<?xml version="1.0" encoding="utf-8"?>
<Project ToolsVersion="4.0" xmlns="http://schemas.microsoft.com/developer/msbuild/2003">
  <ItemGroup>
    <ClCompile Include="EZTCP_L.cpp">
      <Filter>源文件</Filter>
    </ClCompile>
    <ClCompile Include="class_FilePack.cpp">
      <Filter>源文件</Filter>
    </ClCompile>
    <ClCompile Include="class_Listener.cpp">
      <Filter>源文件</Filter>
    </ClCompile>
    <ClCompile Include="class_RecvPack.cpp">
      <Filter>源文件</Filter>
    </ClCompile>
    <ClCompile Include="class_Session.cpp">
      <Filter>源文件</Filter>
    </ClCompile>
  </ItemGroup>
  <ItemGroup>
    <Filter Include="头文件">
      <UniqueIdentifier>{9d2646a6-ee4e-4c39-8512-b5281b0d6bd6}</UniqueIdentifier>
    </Filter>
    <Filter Include="源文件">
      <UniqueIdentifier>{b7167eb4-57b6-4eaa-a924-8f99e8d26efc}</UniqueIdentifier>
    </Filter>
    <Filter Include="资源文件">
      <UniqueIdentifier>{5f3b4ff9-28df-479d-b74f-d841801de19d}</UniqueIdentifier>
    </Filter>
  </ItemGroup>
  <ItemGroup>
    <ClInclude Include="EZTCP_L.h">
      <Filter>头文件</Filter>
    </ClInclude>
  </ItemGroup>
</Project>